
Microsoft Visual Studio Solution File, Format Version 12.00
Project("{FAE04EC0-301F-11D3-BF4B-00C04F79EFBC}") = "OOP_78Lab", "OOP_78Lab\OOP_78Lab.csproj", "{567E8CBC-980E-485F-9F44-2F3FB65C3492}"
EndProject
Global
	GlobalSection(SolutionConfigurationPlatforms) = preSolution
		Debug|Any CPU = Debug|Any CPU
		Release|Any CPU = Release|Any CPU
	EndGlobalSection
	GlobalSection(ProjectConfigurationPlatforms) = postSolution
		{567E8CBC-980E-485F-9F44-2F3FB65C3492}.Debug|Any CPU.ActiveCfg = Debug|Any CPU
		{567E8CBC-980E-485F-9F44-2F3FB65C3492}.Debug|Any CPU.Build.0 = Debug|Any CPU
		{567E8CBC-980E-485F-9F44-2F3FB65C3492}.Release|Any CPU.ActiveCfg = Release|Any CPU
		{567E8CBC-980E-485F-9F44-2F3FB65C3492}.Release|Any CPU.Build.0 = Release|Any CPU
	EndGlobalSection
EndGlobal
